# THIS IS AN AUTOGENERATED FILE. DO NOT EDIT THIS FILE DIRECTLY.
# yarn lockfile v1


"@brandn3w/id-generator@^1.0.1":
  version "1.0.1"
  resolved "https://registry.yarnpkg.com/@brandn3w/id-generator/-/id-generator-1.0.1.tgz#7a0d459a98d40e401b30a3f0d1a58739798431db"
  integrity sha512-PU0DWzWLB3CIXAoCZM4rxDcwRQ7t9B9bVS+0k/n4OdBOz/QHAbpjjmmviTYfRq2IZCaUkhtJ8W82hqGi8iQNKQ==

camel-case@3.0.x:
  version "3.0.0"
  resolved "https://registry.yarnpkg.com/camel-case/-/camel-case-3.0.0.tgz#ca3c3688a4e9cf3a4cda777dc4dcbc713249cf73"
  integrity sha1-yjw2iKTpzzpM2nd9xNy8cTJJz3M=
  dependencies:
    no-case "^2.2.0"
    upper-case "^1.1.1"

clean-css@4.2.x:
  version "4.2.3"
  resolved "https://registry.yarnpkg.com/clean-css/-/clean-css-4.2.3.tgz#507b5de7d97b48ee53d84adb0160ff6216380f78"
  integrity sha512-VcMWDN54ZN/DS+g58HYL5/n4Zrqe8vHJpGA8KdgUXFU4fuP/aHNw8eld9SyEIyabIMJX/0RaY/fplOo5hYLSFA==
  dependencies:
    source-map "~0.6.0"

commander@2.17.x:
  version "2.17.1"
  resolved "https://registry.yarnpkg.com/commander/-/commander-2.17.1.tgz#bd77ab7de6de94205ceacc72f1716d29f20a77bf"
  integrity sha512-wPMUt6FnH2yzG95SA6mzjQOEKUU3aLaDEmzs1ti+1E9h+CsrZghRlqEM/EJ4KscsQVG8uNN4uVreUeT8+drlgg==

commander@~2.19.0:
  version "2.19.0"
  resolved "https://registry.yarnpkg.com/commander/-/commander-2.19.0.tgz#f6198aa84e5b83c46054b94ddedbfed5ee9ff12a"
  integrity sha512-6tvAOO+D6OENvRAh524Dh9jcfKTYDQAqvqezbCW82xj5X0pSrcpxtvRKHLG0yBY6SD7PSDrJaj+0AiOcKVd1Xg==

decode-uri-component@^0.2.0:
  version "0.2.0"
  resolved "https://registry.yarnpkg.com/decode-uri-component/-/decode-uri-component-0.2.0.tgz#eb3913333458775cb84cd1a1fae062106bb87545"
  integrity sha1-6zkTMzRYd1y4TNGh+uBiEGu4dUU=

eventemitter3@^3.0.0:
  version "3.1.2"
  resolved "https://registry.yarnpkg.com/eventemitter3/-/eventemitter3-3.1.2.tgz#2d3d48f9c346698fce83a85d7d664e98535df6e7"
  integrity sha512-tvtQIeLVHjDkJYnzf2dgVMxfuSGJeM/7UCG17TT4EumTfNtF+0nebF/4zWOIkCreAbtNqhGEboB6BWrwqNaw4Q==

he@1.2.x:
  version "1.2.0"
  resolved "https://registry.yarnpkg.com/he/-/he-1.2.0.tgz#84ae65fa7eafb165fddb61566ae14baf05664f0f"
  integrity sha512-F/1DnUGPopORZi0ni+CvrCgHQ5FyEAHRLSApuYWMmrbSwoN2Mn/7k+Gl38gJnR7yyDZk6WLXwiGod1JOWNDKGw==

html-minifier@^3.5.5:
  version "3.5.21"
  resolved "https://registry.yarnpkg.com/html-minifier/-/html-minifier-3.5.21.tgz#d0040e054730e354db008463593194015212d20c"
  integrity sha512-LKUKwuJDhxNa3uf/LPR/KVjm/l3rBqtYeCOAekvG8F1vItxMUpueGd94i/asDDr8/1u7InxzFA5EeGjhhG5mMA==
  dependencies:
    camel-case "3.0.x"
    clean-css "4.2.x"
    commander "2.17.x"
    he "1.2.x"
    param-case "2.1.x"
    relateurl "0.2.x"
    uglify-js "3.4.x"

js-cookie@^2.2.0:
  version "2.2.1"
  resolved "https://registry.yarnpkg.com/js-cookie/-/js-cookie-2.2.1.tgz#69e106dc5d5806894562902aa5baec3744e9b2b8"
  integrity sha512-HvdH2LzI/EAZcUwA8+0nKNtWHqS+ZmijLA30RwZA0bo7ToCckjK5MkGhjED9KoRcXO6BaGI3I9UIzSA1FKFPOQ==

lower-case@^1.1.1:
  version "1.1.4"
  resolved "https://registry.yarnpkg.com/lower-case/-/lower-case-1.1.4.tgz#9a2cabd1b9e8e0ae993a4bf7d5875c39c42e8eac"
  integrity sha1-miyr0bno4K6ZOkv31YdcOcQujqw=

no-case@^2.2.0:
  version "2.3.2"
  resolved "https://registry.yarnpkg.com/no-case/-/no-case-2.3.2.tgz#60b813396be39b3f1288a4c1ed5d1e7d28b464ac"
  integrity sha512-rmTZ9kz+f3rCvK2TD1Ue/oZlns7OGoIWP4fc3llxxRXlOkHKoWPPWJOfFYpITabSow43QJbRIoHQXtt10VldyQ==
  dependencies:
    lower-case "^1.1.1"

object-assign@^4.1.0:
  version "4.1.1"
  resolved "https://registry.yarnpkg.com/object-assign/-/object-assign-4.1.1.tgz#2109adc7965887cfc05cbbd442cac8bfbb360863"
  integrity sha1-IQmtx5ZYh8/AXLvUQsrIv7s2CGM=

param-case@2.1.x:
  version "2.1.1"
  resolved "https://registry.yarnpkg.com/param-case/-/param-case-2.1.1.tgz#df94fd8cf6531ecf75e6bef9a0858fbc72be2247"
  integrity sha1-35T9jPZTHs915r75oIWPvHK+Ikc=
  dependencies:
    no-case "^2.2.0"

performance-now@^2.1.0:
  version "2.1.0"
  resolved "https://registry.yarnpkg.com/performance-now/-/performance-now-2.1.0.tgz#6309f4e0e5fa913ec1c69307ae364b4b377c9e7b"
  integrity sha1-Ywn04OX6kT7BxpMHrjZLSzd8nns=

query-string@^5.0.1:
  version "5.1.1"
  resolved "https://registry.yarnpkg.com/query-string/-/query-string-5.1.1.tgz#a78c012b71c17e05f2e3fa2319dd330682efb3cb"
  integrity sha512-gjWOsm2SoGlgLEdAGt7a6slVOk9mGiXmPFMqrEhLQ68rhQuBnpfs3+EmlvqKyxnCo9/PPlF+9MtY02S1aFg+Jw==
  dependencies:
    decode-uri-component "^0.2.0"
    object-assign "^4.1.0"
    strict-uri-encode "^1.0.0"

raf@^3.4.0:
  version "3.4.1"
  resolved "https://registry.yarnpkg.com/raf/-/raf-3.4.1.tgz#0742e99a4a6552f445d73e3ee0328af0ff1ede39"
  integrity sha512-Sq4CW4QhwOHE8ucn6J34MqtZCeWFP2aQSmrlroYgqAV1PjStIhJXxYuTgUIfkEk7zTLjmIjLmU5q+fbD1NnOJA==
  dependencies:
    performance-now "^2.1.0"

relateurl@0.2.x:
  version "0.2.7"
  resolved "https://registry.yarnpkg.com/relateurl/-/relateurl-0.2.7.tgz#54dbf377e51440aca90a4cd274600d3ff2d888a9"
  integrity sha1-VNvzd+UUQKypCkzSdGANP/LYiKk=

source-map@~0.6.0, source-map@~0.6.1:
  version "0.6.1"
  resolved "https://registry.yarnpkg.com/source-map/-/source-map-0.6.1.tgz#74722af32e9614e9c287a8d0bbde48b5e2f1a263"
  integrity sha512-UjgapumWlbMhkBgzT7Ykc5YXUT46F0iKu8SGXq0bcwP5dz/h0Plj6enJqjz1Zbq2l5WaqYnrVbwWOWMyF3F47g==

strict-uri-encode@^1.0.0:
  version "1.1.0"
  resolved "https://registry.yarnpkg.com/strict-uri-encode/-/strict-uri-encode-1.1.0.tgz#279b225df1d582b1f54e65addd4352e18faa0713"
  integrity sha1-J5siXfHVgrH1TmWt3UNS4Y+qBxM=

uglify-js@3.4.x:
  version "3.4.10"
  resolved "https://registry.yarnpkg.com/uglify-js/-/uglify-js-3.4.10.tgz#9ad9563d8eb3acdfb8d38597d2af1d815f6a755f"
  integrity sha512-Y2VsbPVs0FIshJztycsO2SfPk7/KAF/T72qzv9u5EpQ4kB2hQoHlhNQTsNyy6ul7lQtqJN/AoWeS23OzEiEFxw==
  dependencies:
    commander "~2.19.0"
    source-map "~0.6.1"

upper-case@^1.1.1:
  version "1.1.3"
  resolved "https://registry.yarnpkg.com/upper-case/-/upper-case-1.1.3.tgz#f6b4501c2ec4cdd26ba78be7222961de77621598"
  integrity sha1-9rRQHC7EzdJrp4vnIilh3ndiFZg=

your-async-share@^0.2.0:
  version "0.2.0"
  resolved "https://registry.yarnpkg.com/your-async-share/-/your-async-share-0.2.0.tgz#c268a12b1c1719846962c9d93cbe64006be21166"
  integrity sha512-9dCKB1sYdmbBT//mKJOs0caIyKjQBdfbOAHGY0mPtQ/J6gSlj0XT7GdNn4Mm2x4jrzbcX5y/dyYBW+1NnuUuqQ==
  dependencies:
    eventemitter3 "^3.0.0"

your-cookie@^0.1.1:
  version "0.1.1"
  resolved "https://registry.yarnpkg.com/your-cookie/-/your-cookie-0.1.1.tgz#b3800c9dc46e108fc33609668c10cd4cd9e51cbf"
  integrity sha512-J/F9JPZc7wVoGL96RisIQidXeWZBhD27niAVbyj9IKXKJKtU7hPv6p/cG0cx3YfzxnETy/MvZ/evQ7k6Ih5XfQ==
  dependencies:
    js-cookie "^2.2.0"

your-fastclick@^0.2.0:
  version "0.2.0"
  resolved "https://registry.yarnpkg.com/your-fastclick/-/your-fastclick-0.2.0.tgz#1eb5b570336db71489dfd19c1a8dccdf68825e3d"
  integrity sha512-meM4ncKNO/ZppNCgnbYeGTGggp4CnWB9361OYVuq9rpnKxHvXJY/g4F8gNQ17aHIijchkHiaAOWTisjdpC7Log==

your-frame-player@^0.2.0:
  version "0.2.0"
  resolved "https://registry.yarnpkg.com/your-frame-player/-/your-frame-player-0.2.0.tgz#7a665520db7ead02bccc0dee5ed8c232df4fa071"
  integrity sha512-+SLyqNBipNDtgQ6VD9VpB7dTt94Z6prSuO2FmXBXjZamBfIBmNsGEJfQpje620wsQM/EXh5HbqLBb+Fhd3Zcdg==
  dependencies:
    eventemitter3 "^3.0.0"
    raf "^3.4.0"

your-html-minifier@^0.2.0:
  version "0.2.0"
  resolved "https://registry.yarnpkg.com/your-html-minifier/-/your-html-minifier-0.2.0.tgz#bbb025e4a96a68793adcf79ddb42846d27a6aa6f"
  integrity sha512-Bo1HtX6B8dLTyI+FVM1HLKoctf9KWeaxRRS7I6LUwMUP64jjazKjRLOQyz+pT4L2RauMvzOdWpTY9arFDrXiFw==
  dependencies:
    html-minifier "^3.5.5"

your-is-android@^0.2.0:
  version "0.2.0"
  resolved "https://registry.yarnpkg.com/your-is-android/-/your-is-android-0.2.0.tgz#53ab33128869c7a71c56241418bf1edd0f95bbb2"
  integrity sha512-kCD2l5Jfn6OyL7DwOLaJWYv+c9ioSggyTCw3jG4PacrD44lZwGr3lg1L1gwUmqyDVDdrCNxh/97x/KpNIaEHoQ==

your-is-empty@^0.1.1:
  version "0.1.1"
  resolved "https://registry.yarnpkg.com/your-is-empty/-/your-is-empty-0.1.1.tgz#a8721c285e56dd4d89ba45eec7240fde02c05b48"
  integrity sha512-AO+NM1r0v9WsJIuJr/Q3PjjTCdnCm1Ajuq6ycfGaYkAJKJnUZZkOlwgLqtDExRYLQGb+NLPM9i1NDysgAvmjRw==

your-is-ios@^0.2.0:
  version "0.2.0"
  resolved "https://registry.yarnpkg.com/your-is-ios/-/your-is-ios-0.2.0.tgz#7bfd5f66751ef11e54e17f20786cc42848fe10e0"
  integrity sha512-91l9fS7QLJfbG9PHdCeV7hcpcQlRTAcu8WUWdJqYzGtlmAAS3Kv8Uu/xJ3qFXlEQxsmHsyXl+p48z/7XRqkwQg==

your-is-mobile@^0.2.0:
  version "0.2.0"
  resolved "https://registry.yarnpkg.com/your-is-mobile/-/your-is-mobile-0.2.0.tgz#68c2d5d272024e641fd853796a0e856fb5201182"
  integrity sha512-BhHeaS6h6+XjfZY/s4sdPMqDTyyB1rn4zVowNi6lpoEMEOhl3atd1q23RqiEddNIKhjvhUvJqrfLyJw4rx93vQ==

your-is-weixin@^0.2.0:
  version "0.2.0"
  resolved "https://registry.yarnpkg.com/your-is-weixin/-/your-is-weixin-0.2.0.tgz#d9fac13113cd89ea2474313058d177f5824b7f42"
  integrity sha512-iTuvxtEfJO6YadSfpzZWUOLafqF0be6ySqbwuUBYjSoxsXdYTwnLlo7yRg9teUF8pYt0RPGQyE0O/bWOJRasKQ==

your-query-string@^0.2.1:
  version "0.2.1"
  resolved "https://registry.yarnpkg.com/your-query-string/-/your-query-string-0.2.1.tgz#df4dfb7e28218a67e6462248275d8fa9196c21d3"
  integrity sha512-dmT9D5kOL0z/d+NJhOihO7nN2lkf0/KiTNFI3aVkp8TEoCgmWx3/9xiucdDCAJ4feKT5fLXH+rEwb+AD+We33w==
  dependencies:
    query-string "^5.0.1"

your-rand-int@^0.2.0:
  version "0.2.0"
  resolved "https://registry.yarnpkg.com/your-rand-int/-/your-rand-int-0.2.0.tgz#5833c5b3c203daea1f4a8bdbc5c53ec658779cab"
  integrity sha512-91TMWhKb/wXkCYF3oqQPQJnjumC/x3hzASRLC8Gvc0h0ZXaKQZDoDGjtrY/C10wbgnGkV8+xf6rdQids2OyGEA==

your-rem@^0.2.0:
  version "0.2.0"
  resolved "https://registry.yarnpkg.com/your-rem/-/your-rem-0.2.0.tgz#d06de0b88e87bc1613adad342761fad7f7f78eb0"
  integrity sha512-xt74MQLBKFnKOxd7dIvH9IHbOncRP6sBaQLbFS63qmOvakV/9hPS1odHOiliYXGVPgRBltQK4wk/HZbuoqlinQ==

your@^0.2.3:
  version "0.2.3"
  resolved "https://registry.yarnpkg.com/your/-/your-0.2.3.tgz#99713725ba56d07b0b80a59cca40695110aca3d9"
  integrity sha512-5P+BFYYQWvnbGcIwXX8mnB0w8vCJOBHHLZ5H8+EbyfsJgrYwqIy2BEKKT6S+ALeJQaxR8nj3FT/BPouLxWVutA==
  dependencies:
    your-async-share "^0.2.0"
    your-cookie "^0.1.1"
    your-fastclick "^0.2.0"
    your-frame-player "^0.2.0"
    your-html-minifier "^0.2.0"
    your-is-android "^0.2.0"
    your-is-empty "^0.1.1"
    your-is-ios "^0.2.0"
    your-is-mobile "^0.2.0"
    your-is-weixin "^0.2.0"
    your-query-string "^0.2.1"
    your-rand-int "^0.2.0"
    your-rem "^0.2.0"
